
Microsoft Visual Studio Solution File, Format Version 12.00
# Visual Studio Express 2013 for Windows Desktop
VisualStudioVersion = 12.0.30501.0
MinimumVisualStudioVersion = 10.0.40219.1
Project("{888888A0-9F3D-457C-B088-3A5042F75D52}") = "Tic-Tac-Toe (Monte Carlo)", "Tic-Tac-Toe (Monte Carlo)\Tic-Tac-Toe (Monte Carlo).pyproj", "{E4B674D8-6307-46E1-B741-CCEB18EB66CA}"
EndProject
Global
	GlobalSection(SolutionConfigurationPlatforms) = preSolution
		Debug|Any CPU = Debug|Any CPU
		Release|Any CPU = Release|Any CPU
	EndGlobalSection
	GlobalSection(ProjectConfigurationPlatforms) = postSolution
		{E4B674D8-6307-46E1-B741-CCEB18EB66CA}.Debug|Any CPU.ActiveCfg = Debug|Any CPU
		{E4B674D8-6307-46E1-B741-CCEB18EB66CA}.Release|Any CPU.ActiveCfg = Release|Any CPU
	EndGlobalSection
	GlobalSection(SolutionProperties) = preSolution
		HideSolutionNode = FALSE
	EndGlobalSection
EndGlobal
